
Microsoft Visual Studio Solution File, Format Version 11.00
# Visual Studio 2010
Project("{6989167D-11E4-40FE-8C1A-2192A86A7E90}") = "C_Elliptical-equation", "C_Elliptical-equation\C_Elliptical-equation.vfproj", "{E1482970-F150-4EE9-BF1E-97DF56BF1BDB}"
EndProject
Global
	GlobalSection(SolutionConfigurationPlatforms) = preSolution
		Debug|Win32 = Debug|Win32
		Release|Win32 = Release|Win32
	EndGlobalSection
	GlobalSection(ProjectConfigurationPlatforms) = postSolution
		{E1482970-F150-4EE9-BF1E-97DF56BF1BDB}.Debug|Win32.ActiveCfg = Debug|Win32
		{E1482970-F150-4EE9-BF1E-97DF56BF1BDB}.Debug|Win32.Build.0 = Debug|Win32
		{E1482970-F150-4EE9-BF1E-97DF56BF1BDB}.Release|Win32.ActiveCfg = Release|Win32
		{E1482970-F150-4EE9-BF1E-97DF56BF1BDB}.Release|Win32.Build.0 = Release|Win32
	EndGlobalSection
	GlobalSection(SolutionProperties) = preSolution
		HideSolutionNode = FALSE
	EndGlobalSection
EndGlobal
