
Microsoft Visual Studio Solution File, Format Version 11.00
# Visual Studio 2010
Project("{6989167D-11E4-40FE-8C1A-2192A86A7E90}") = "Parabolic-equation", "Parabolic-equation\Parabolic-equation.vfproj", "{B3D1A7D7-F470-48B7-9C1D-CB72DED220B0}"
EndProject
Global
	GlobalSection(SolutionConfigurationPlatforms) = preSolution
		Debug|Win32 = Debug|Win32
		Release|Win32 = Release|Win32
	EndGlobalSection
	GlobalSection(ProjectConfigurationPlatforms) = postSolution
		{B3D1A7D7-F470-48B7-9C1D-CB72DED220B0}.Debug|Win32.ActiveCfg = Debug|Win32
		{B3D1A7D7-F470-48B7-9C1D-CB72DED220B0}.Debug|Win32.Build.0 = Debug|Win32
		{B3D1A7D7-F470-48B7-9C1D-CB72DED220B0}.Release|Win32.ActiveCfg = Release|Win32
		{B3D1A7D7-F470-48B7-9C1D-CB72DED220B0}.Release|Win32.Build.0 = Release|Win32
	EndGlobalSection
	GlobalSection(SolutionProperties) = preSolution
		HideSolutionNode = FALSE
	EndGlobalSection
EndGlobal
