
Microsoft Visual Studio Solution File, Format Version 11.00
# Visual Studio 2010
Project("{6989167D-11E4-40FE-8C1A-2192A86A7E90}") = "O_Elliptical-equation", "O_Elliptical-equation\O_Elliptical-equation.vfproj", "{7F29F7EB-4208-4865-A2C3-8C38E2FAC431}"
EndProject
Global
	GlobalSection(SolutionConfigurationPlatforms) = preSolution
		Debug|Win32 = Debug|Win32
		Release|Win32 = Release|Win32
	EndGlobalSection
	GlobalSection(ProjectConfigurationPlatforms) = postSolution
		{7F29F7EB-4208-4865-A2C3-8C38E2FAC431}.Debug|Win32.ActiveCfg = Debug|Win32
		{7F29F7EB-4208-4865-A2C3-8C38E2FAC431}.Debug|Win32.Build.0 = Debug|Win32
		{7F29F7EB-4208-4865-A2C3-8C38E2FAC431}.Release|Win32.ActiveCfg = Release|Win32
		{7F29F7EB-4208-4865-A2C3-8C38E2FAC431}.Release|Win32.Build.0 = Release|Win32
	EndGlobalSection
	GlobalSection(SolutionProperties) = preSolution
		HideSolutionNode = FALSE
	EndGlobalSection
EndGlobal
